
Microsoft Visual Studio Solution File, Format Version 12.00
# Visual Studio Version 16
VisualStudioVersion = 16.0.31729.503
MinimumVisualStudioVersion = 10.0.40219.1
Project("{FAE04EC0-301F-11D3-BF4B-00C04F79EFBC}") = "Lab3.2", "Lab3.2\Lab3.2.csproj", "{7A354B8A-A020-42D8-8103-9A106417AE08}"
EndProject
Global
	GlobalSection(SolutionConfigurationPlatforms) = preSolution
		Debug|Any CPU = Debug|Any CPU
		Release|Any CPU = Release|Any CPU
	EndGlobalSection
	GlobalSection(ProjectConfigurationPlatforms) = postSolution
		{7A354B8A-A020-42D8-8103-9A106417AE08}.Debug|Any CPU.ActiveCfg = Debug|Any CPU
		{7A354B8A-A020-42D8-8103-9A106417AE08}.Debug|Any CPU.Build.0 = Debug|Any CPU
		{7A354B8A-A020-42D8-8103-9A106417AE08}.Release|Any CPU.ActiveCfg = Release|Any CPU
		{7A354B8A-A020-42D8-8103-9A106417AE08}.Release|Any CPU.Build.0 = Release|Any CPU
	EndGlobalSection
	GlobalSection(SolutionProperties) = preSolution
		HideSolutionNode = FALSE
	EndGlobalSection
	GlobalSection(ExtensibilityGlobals) = postSolution
		SolutionGuid = {EA2F7520-CE4F-42CA-BFEF-8696D786AB67}
	EndGlobalSection
EndGlobal
