
Microsoft Visual Studio Solution File, Format Version 12.00
# Visual Studio Version 16
VisualStudioVersion = 16.0.31729.503
MinimumVisualStudioVersion = 10.0.40219.1
Project("{FAE04EC0-301F-11D3-BF4B-00C04F79EFBC}") = "Lab3.1", "Lab3.1\Lab3.1.csproj", "{DC2D318A-AF33-49B6-9DCB-55C9FDB2FB95}"
EndProject
Global
	GlobalSection(SolutionConfigurationPlatforms) = preSolution
		Debug|Any CPU = Debug|Any CPU
		Release|Any CPU = Release|Any CPU
	EndGlobalSection
	GlobalSection(ProjectConfigurationPlatforms) = postSolution
		{DC2D318A-AF33-49B6-9DCB-55C9FDB2FB95}.Debug|Any CPU.ActiveCfg = Debug|Any CPU
		{DC2D318A-AF33-49B6-9DCB-55C9FDB2FB95}.Debug|Any CPU.Build.0 = Debug|Any CPU
		{DC2D318A-AF33-49B6-9DCB-55C9FDB2FB95}.Release|Any CPU.ActiveCfg = Release|Any CPU
		{DC2D318A-AF33-49B6-9DCB-55C9FDB2FB95}.Release|Any CPU.Build.0 = Release|Any CPU
	EndGlobalSection
	GlobalSection(SolutionProperties) = preSolution
		HideSolutionNode = FALSE
	EndGlobalSection
	GlobalSection(ExtensibilityGlobals) = postSolution
		SolutionGuid = {9ADB1BE9-CC6F-42B0-ABEC-245FADF644EE}
	EndGlobalSection
EndGlobal
